github.com/pkg/errors v0.9.1 h1:FEBLx1zS214owpjy7qsBeixbURkuhQAwrK5UwLGTwt4=
github.com/pkg/errors v0.9.1/go.mod h1:bwawxfHBFNV+L2hUp1rHADufV3IMtnDRdf1r5NINEl0=
gitlab.com/tozd/go/errors v0.10.0 h1:A98kL+gaDvWnY6ZB/u8zP+sYaWsWUGBHeFMtamvW/74=
gitlab.com/tozd/go/errors v0.10.0/go.mod h1:q3Ugr0C8dCzMEkrzjjlV2qNsm9e0KvqBjwcbcjCpBe4=
